
Microsoft Visual Studio Solution File, Format Version 12.00
# Visual Studio 15
VisualStudioVersion = 15.0.28307.106
MinimumVisualStudioVersion = 10.0.40219.1
Project("{FAE04EC0-301F-11D3-BF4B-00C04F79EFBC}") = "Nine men's morris", "Nine men's morris.csproj", "{0E8E76A7-C521-40C6-BFDC-16DD2CCC3FA1}"
EndProject
Global
	GlobalSection(SolutionConfigurationPlatforms) = preSolution
		Debug|Any CPU = Debug|Any CPU
		Release|Any CPU = Release|Any CPU
	EndGlobalSection
	GlobalSection(ProjectConfigurationPlatforms) = postSolution
		{0E8E76A7-C521-40C6-BFDC-16DD2CCC3FA1}.Debug|Any CPU.ActiveCfg = Debug|Any CPU
		{0E8E76A7-C521-40C6-BFDC-16DD2CCC3FA1}.Debug|Any CPU.Build.0 = Debug|Any CPU
		{0E8E76A7-C521-40C6-BFDC-16DD2CCC3FA1}.Release|Any CPU.ActiveCfg = Release|Any CPU
		{0E8E76A7-C521-40C6-BFDC-16DD2CCC3FA1}.Release|Any CPU.Build.0 = Release|Any CPU
	EndGlobalSection
	GlobalSection(SolutionProperties) = preSolution
		HideSolutionNode = FALSE
	EndGlobalSection
	GlobalSection(ExtensibilityGlobals) = postSolution
		SolutionGuid = {DF159933-424D-4A5B-9A1F-29E02F5F907E}
	EndGlobalSection
EndGlobal
